{
  "version": "5",
  "redirects": {
    "https://esm.sh/ajv-formats@^3.0.1?target=denonext": "https://esm.sh/ajv-formats@3.0.1?target=denonext",
    "https://esm.sh/ajv@^8.0.0/dist/compile/codegen?target=denonext": "https://esm.sh/ajv@8.20.0/dist/compile/codegen?target=denonext",
    "https://esm.sh/ajv@^8.0.0?target=denonext": "https://esm.sh/ajv@8.20.0?target=denonext",
    "https://esm.sh/ajv@^8.17.1?target=denonext": "https://esm.sh/ajv@8.20.0?target=denonext",
    "https://esm.sh/fast-deep-equal@^3.1.3?target=denonext": "https://esm.sh/fast-deep-equal@3.1.3?target=denonext",
    "https://esm.sh/fast-uri@^3.0.1?target=denonext": "https://esm.sh/fast-uri@3.1.5?target=denonext",
    "https://esm.sh/iceberg-js@^0.8.1?target=denonext": "https://esm.sh/iceberg-js@0.8.1?target=denonext",
    "https://esm.sh/jose@^6.2.2?target=denonext": "https://esm.sh/jose@6.2.9?target=denonext",
    "https://esm.sh/json-schema-traverse@^1.0.0?target=denonext": "https://esm.sh/json-schema-traverse@1.0.0?target=denonext",
    "https://esm.sh/zod-to-json-schema@^3.25.1?target=denonext": "https://esm.sh/zod-to-json-schema@3.25.2?target=denonext",
    "https://esm.sh/zod@^3.25%20||%20^4.0/v3?target=denonext": "https://esm.sh/zod@4.4.3/v3?target=denonext",
    "https://esm.sh/zod@^3.25%20||%20^4.0/v4-mini?target=denonext": "https://esm.sh/zod@4.4.3/v4-mini?target=denonext",
    "https://esm.sh/zod@^3.25%20||%20^4.0/v4?target=denonext": "https://esm.sh/zod@4.4.3/v4?target=denonext",
    "https://esm.sh/zod@^3.25%20||%20^4.0?target=denonext": "https://esm.sh/zod@4.4.3?target=denonext",
    "https://esm.sh/zod@^3.25.28%20||%20^4/v3?target=denonext": "https://esm.sh/zod@4.4.3/v3?target=denonext"
  },
  "remote": {
    "https://esm.sh/@lovable.dev/mcp-js@0.22.2": "cb6b20976b8106d11c107346549bc2504c5b105319317c7c0b5367dbf287353a",
    "https://esm.sh/@lovable.dev/mcp-js@0.22.2/denonext/dist/content-D5LJAHyM.mjs": "58308827479096a2df7d3d91beb7d37b3a32873b744fcd17a3e090c56be4cad8",
    "https://esm.sh/@lovable.dev/mcp-js@0.22.2/denonext/dist/context-CIpPzN7P.mjs": "bdd7780e525d38cd7d50d666c40a39d346f85af8b146b2e96e09e9b091187ee6",
    "https://esm.sh/@lovable.dev/mcp-js@0.22.2/denonext/dist/cors-CJct3BEI.mjs": "95746954f833b7613fe7bcc8fb7340c746171964312a9c7f6d9ef5a7847275a4",
    "https://esm.sh/@lovable.dev/mcp-js@0.22.2/denonext/dist/forwarded--h4efJy-.mjs": "15dc36d969af55accd0ab951501247b3c806bc6ec24044e107a2c17b6c0c4837",
    "https://esm.sh/@lovable.dev/mcp-js@0.22.2/denonext/dist/list-tools--Kx40Dg2.mjs": "916427cbe2770e869ba1a348ed7dd4c4df81dd992999c4ba0c4f9a7d73f7166d",
    "https://esm.sh/@lovable.dev/mcp-js@0.22.2/denonext/dist/logger-2OXtfiIW.mjs": "d3eee21f11d13ec54dbb5c3fa379ff19aee93d5a89942e78fc5eb357426e1287",
    "https://esm.sh/@lovable.dev/mcp-js@0.22.2/denonext/dist/mcp-DzSswp-q.mjs": "f5d8448d7d15090503818bfd16e371f5ac0f652c1629dee2ac1257b7db162221",
    "https://esm.sh/@lovable.dev/mcp-js@0.22.2/denonext/dist/metadata-path-CAkNcfyY.mjs": "59f3cab26c7de15b8c237f573ade5fae82561045eabba51ae5340ac5b3367305",
    "https://esm.sh/@lovable.dev/mcp-js@0.22.2/denonext/dist/package-CLHBPGM1.mjs": "5563844e9de0cb296a577389327fc74b67b838187739f76961ef41ff2b661f75",
    "https://esm.sh/@lovable.dev/mcp-js@0.22.2/denonext/dist/paths-IS65L6TA.mjs": "6ec660722bc0e64cbc36a03aa3450940abd4edebec6f71865e7bc281627a6496",
    "https://esm.sh/@lovable.dev/mcp-js@0.22.2/denonext/dist/rest-BVBQmkWy.mjs": "6cf2dfb5b2b84921fc7d81264323ca140aab6ad907fc1878ea1dc642c2a9e22b",
    "https://esm.sh/@lovable.dev/mcp-js@0.22.2/denonext/mcp-js.mjs": "4827f6c309d85d0ddac98ad91fb8d724a7fe121578bd91a44e0daacaad0541d8",
    "https://esm.sh/@lovable.dev/mcp-js@0.22.2/denonext/protocols/oauth-metadata.mjs": "74609005229eb2bfaccb910c140468ce605e62e5a1b66dc185849fbd014d6aef",
    "https://esm.sh/@lovable.dev/mcp-js@0.22.2/denonext/stacks/supabase.mjs": "7c35fd73390fbb106c23c21085639bc98509e4ce7be6b4ca49da1985248a38f5",
    "https://esm.sh/@lovable.dev/mcp-js@0.22.2/stacks/supabase": "ec24e8785d3ba2b5c3fe9afa29dbe14086ee4062ef8fe968696f56cdbdfcc500",
    "https://esm.sh/@modelcontextprotocol/sdk@1.28.0/denonext/dist/esm/experimental/tasks/helpers.mjs": "d640c4281b84e26db31493496b8dacc875f841b465e1331dff7d9516e3bde864",
    "https://esm.sh/@modelcontextprotocol/sdk@1.28.0/denonext/dist/esm/experimental/tasks/interfaces.mjs": "7b2a2e074895585306ff1c4e4d93fe1614a8c12697c0ba09f860c5664922e54d",
    "https://esm.sh/@modelcontextprotocol/sdk@1.28.0/denonext/dist/esm/experimental/tasks/server.mjs": "afd786b17a75ac0f3680ccbda195334b360f5e7506ba850c4c9c07067af2da4a",
    "https://esm.sh/@modelcontextprotocol/sdk@1.28.0/denonext/dist/esm/server/zod-compat.mjs": "629f4cf906b8ced0b5798fd37ebf5ff650c694ae5190b0777d91199331559cf6",
    "https://esm.sh/@modelcontextprotocol/sdk@1.28.0/denonext/dist/esm/shared/protocol.mjs": "ae4c8198785fde96d4f30e4c9d045708336c248c5d422e167a49fae2763f441f",
    "https://esm.sh/@modelcontextprotocol/sdk@1.28.0/denonext/dist/esm/types.mjs": "4bc45d7c51c10b572e5f9f5b9ccba14176a902a466c53d938265f3142104966d",
    "https://esm.sh/@modelcontextprotocol/sdk@1.28.0/denonext/server.mjs": "a977e14ada0e7563a3c8346908bf55b395e77e91d1f57acaf5c6234780712b07",
    "https://esm.sh/@modelcontextprotocol/sdk@1.28.0/denonext/server/mcp.mjs": "9064c2e61e35b49213ee63695752cf703cfd33324d34af17fa4aed46446fb034",
    "https://esm.sh/@modelcontextprotocol/sdk@1.28.0/denonext/server/webStandardStreamableHttp.mjs": "6ba957e54af959e4e76e3df3f0120dc1c5302efecbd5c485dc5ec85ae4f4992b",
    "https://esm.sh/@modelcontextprotocol/sdk@1.28.0/denonext/server/zod-compat.mjs": "c76194c71a79d4ae063cf8693c73291b82bbc80490030d9c6b0ead0997b2f65b",
    "https://esm.sh/@modelcontextprotocol/sdk@1.28.0/denonext/server/zod-json-schema-compat.mjs": "4ca208e8a45e8a4cc557dfe76b1aeeb644bed571408e4b61609117773975e1da",
    "https://esm.sh/@modelcontextprotocol/sdk@1.28.0/denonext/validation/ajv.mjs": "b71403650e53eeebc204e0800f5ce40681fee64852808846dd3094d0682f980a",
    "https://esm.sh/@supabase/auth-js@2.89.0/denonext/auth-js.mjs": "7564602b661ea604c556b71402e3c7957d7c5be4785c1612765f1ce654d57b46",
    "https://esm.sh/@supabase/functions-js@2.89.0/denonext/functions-js.mjs": "ad96f85b7c776e988d2990d16a6c53e7996545dfe5b8559dbfb9927b793e608d",
    "https://esm.sh/@supabase/postgrest-js@2.89.0/denonext/postgrest-js.mjs": "ea872d4b524536fb76244c6760db6d21ad3862ca5640e9e45ccc8c94e6bd3c3b",
    "https://esm.sh/@supabase/realtime-js@2.89.0/denonext/realtime-js.mjs": "e98f81bcfb8fed536a7aeb67d8008c320f465c235107ac69f48dddd861ad2b4e",
    "https://esm.sh/@supabase/storage-js@2.89.0/denonext/storage-js.mjs": "4dbf4d7138af35a46733d2043e58d73c72e1a2dc40738a71f5ea98fb27a3ed55",
    "https://esm.sh/@supabase/supabase-js@2.89.0": "afc79f2684e433766a2e1b1dc84be3393c5982ad0368d9a9b0a6e567f4f0dee4",
    "https://esm.sh/@supabase/supabase-js@2.89.0/denonext/supabase-js.mjs": "0fd755a0eb58d38459cf3bfc839539eb4f93871c6662409e7e1ea922cd442159",
    "https://esm.sh/ajv-formats@3.0.1/denonext/ajv-formats.mjs": "bee9a515ff4223dc79efe320f90c7b060f24281c704b820e286c71a2135aeab9",
    "https://esm.sh/ajv-formats@3.0.1?target=denonext": "6f020dcf471a8d78d2d8c14fda5c2504c900834b0882db49ec954ba52f66e323",
    "https://esm.sh/ajv@8.20.0/denonext/ajv.mjs": "304b9df89b1959a71c21129a1b5b46440c660f796d2b595e76f918ae8cd35621",
    "https://esm.sh/ajv@8.20.0/denonext/dist/compile/codegen.mjs": "021793871675f22d6ccb9de223bd9964ffb60af34b7642bb5202ff13e87ce89a",
    "https://esm.sh/ajv@8.20.0/dist/compile/codegen?target=denonext": "daf94dc307d7b427ca7943864e8782ec6c884f6756ae03450ba77c5de78cd05b",
    "https://esm.sh/ajv@8.20.0?target=denonext": "6a73ce1e5a39f664658b34a2c5701501620adab6979f8806a5c461a38a02dd70",
    "https://esm.sh/fast-deep-equal@3.1.3/denonext/fast-deep-equal.mjs": "66e5d717af5e6a08366cc6aa421af1838a773895070bfee46c45102adf7ddc5f",
    "https://esm.sh/fast-deep-equal@3.1.3?target=denonext": "2d47696bbd2c43a836e333ae5035542a56eb76e4fd728204c75eaaeea86c3b5c",
    "https://esm.sh/fast-uri@3.1.5/denonext/fast-uri.mjs": "78705922e4edae4950d758a3622226f105a4d966e7f2edce1011f39358418ac7",
    "https://esm.sh/fast-uri@3.1.5?target=denonext": "cbee0ea32cc48bbaadcb942c6c608cacfb22b9d578525e7e2e98b3ae0320b99c",
    "https://esm.sh/iceberg-js@0.8.1/denonext/iceberg-js.mjs": "d839d81a2e3966500ca2cdd0c1cb458e9608bacfc91f7bb67a69b2e878dcdb4f",
    "https://esm.sh/iceberg-js@0.8.1?target=denonext": "58c849d7fe2bf4eca4a84eb501e83c161a7d8c34ca1bec15a962b3bec3062633",
    "https://esm.sh/jose@6.2.9/denonext/base64url.mjs": "a7a9a0b1741bc8e10caf1c56234235f8cbdad993026f4799d9d4fa44e88bc809",
    "https://esm.sh/jose@6.2.9/denonext/decode/protected_header.mjs": "e769fa3c0e422acc3b4f89a304af609303d0ec793b24b3f0a99c27d94b5cbf04",
    "https://esm.sh/jose@6.2.9/denonext/dist/webapi/lib/asn1.mjs": "539a02fb4b66fe84e06a60922312b5b661405b8146af44e0d8e68ae085341655",
    "https://esm.sh/jose@6.2.9/denonext/dist/webapi/lib/base64.mjs": "395a285472db67752eb812dfb1a5bfef74a7bb442542a5e0cf84fcf6b0b2100b",
    "https://esm.sh/jose@6.2.9/denonext/dist/webapi/lib/buffer_utils.mjs": "8311a62dd73e6e590e0c20f1d1eda57b4b00f172585969774f14ce3f89d412bd",
    "https://esm.sh/jose@6.2.9/denonext/dist/webapi/lib/content_encryption.mjs": "5ffc4bae30624ffea5488798e5aadaa3c50e76619b105b7dc17471bc07e5b0c4",
    "https://esm.sh/jose@6.2.9/denonext/dist/webapi/lib/crypto_key.mjs": "9783952339e02cfa94174507bda5fb6d86f253c23fb2ff229da4d1ea8c5f13e0",
    "https://esm.sh/jose@6.2.9/denonext/dist/webapi/lib/deflate.mjs": "cfa8013910366aef7fe8e064ec8df97edc7165cf3189d56401a251b18987518d",
    "https://esm.sh/jose@6.2.9/denonext/dist/webapi/lib/helpers.mjs": "6053ae9cfc6413cfa948cc8c91d9d52e345dfd246af2e8baf14a315491895627",
    "https://esm.sh/jose@6.2.9/denonext/dist/webapi/lib/invalid_key_input.mjs": "6fd13be4f059a1713f83a1e0ca51b1cdfdccd564f92cc3cfc5cbff435a2f376e",
    "https://esm.sh/jose@6.2.9/denonext/dist/webapi/lib/is_key_like.mjs": "3ead1e1a6b24bc45fc604122bccf0cb089069e133a3d15a8bb5e4f4dfac74985",
    "https://esm.sh/jose@6.2.9/denonext/dist/webapi/lib/jwe_algorithms.mjs": "0501a1e515a6a61f1021e01fae4d8a8ab5424f655fb347a8a0d76a81ff427a88",
    "https://esm.sh/jose@6.2.9/denonext/dist/webapi/lib/jwe_decrypt.mjs": "ccff8dff260a3a0cda7181bce877e25a3d80e8fb9e6dc0dd9a21873030dac6c5",
    "https://esm.sh/jose@6.2.9/denonext/dist/webapi/lib/jwe_encrypt.mjs": "2c64fcf35d1320fd8084be68fc1c5b74e158ed43eaaf97501d36f35d770faee5",
    "https://esm.sh/jose@6.2.9/denonext/dist/webapi/lib/jwk_to_key.mjs": "fb8870362bf563259536f183de904766b2b8d20f4b1de89bfee70ae956e76da9",
    "https://esm.sh/jose@6.2.9/denonext/dist/webapi/lib/jws_algorithms.mjs": "a2d34d16d8e5ab47f70eaa99d3830afca56f698c0465f4b84d5891770700489a",
    "https://esm.sh/jose@6.2.9/denonext/dist/webapi/lib/jws_sign.mjs": "0dd7ea50e761538de523a28a32a228d55f4418f18b2c7e4eb60473f6bdd1a588",
    "https://esm.sh/jose@6.2.9/denonext/dist/webapi/lib/jws_verify.mjs": "b5c5fd5670fc1351814495720b0cb89ee362dfee1dd960c239d955838ce561be",
    "https://esm.sh/jose@6.2.9/denonext/dist/webapi/lib/jwt_claims_set.mjs": "5a5b31f24999984dc2c6102a7b0cdf420a25dc2ca84be6258ab07817f9a2064d",
    "https://esm.sh/jose@6.2.9/denonext/dist/webapi/lib/key.mjs": "032a62923bd9c69c9bd3bb841152dac5ffafcefb3d76f801db01ebfc8ad45ac6",
    "https://esm.sh/jose@6.2.9/denonext/dist/webapi/lib/key_algorithm.mjs": "bc20673037e087cab317fbccc53f9ccfc37a2a14f9c149034b6856443904fc2f",
    "https://esm.sh/jose@6.2.9/denonext/dist/webapi/lib/key_descriptor.mjs": "642299c11e9564f2f3d4923cb5641681c1c87c2de71a944e78fab6b2c71fb3a1",
    "https://esm.sh/jose@6.2.9/denonext/dist/webapi/lib/key_management.mjs": "e58858470b68945fb978d25941cb46f02300e64833ba57f36649567fb82801ce",
    "https://esm.sh/jose@6.2.9/denonext/dist/webapi/lib/options.mjs": "1075b7cdfbad3b3d203aaff4ba8d9b467e1122011e0ea18ae8587acd32008fb4",
    "https://esm.sh/jose@6.2.9/denonext/dist/webapi/lib/signing.mjs": "2dc9aaf9276492eba25526edbfef386f34e9bb681057ef317d4de19d99d2afca",
    "https://esm.sh/jose@6.2.9/denonext/dist/webapi/lib/type_checks.mjs": "ca07504d86253678a0635083648d8621cae3501975172a13cea2b1e846081ea9",
    "https://esm.sh/jose@6.2.9/denonext/errors.mjs": "f5168ecd21c58a071abc6cba9eb8ba1072468ae033fa619d75c1448351d6d389",
    "https://esm.sh/jose@6.2.9/denonext/jose.mjs": "6f918f6424184b6340b87ef2766c5d74757befc255b1508255565cb6bd80ad0f",
    "https://esm.sh/jose@6.2.9/denonext/jwe/compact/decrypt.mjs": "b7e0b1aeb129134b1905de9809507e6632fad7338963e3d3f0b03ac08c97e21a",
    "https://esm.sh/jose@6.2.9/denonext/jwe/compact/encrypt.mjs": "a3ba6fa2f88e63613908334e1e2a87c395fd07797ddddf753cab34a078bb7ddd",
    "https://esm.sh/jose@6.2.9/denonext/jwe/flattened/decrypt.mjs": "2a5a27d2920695e0d45454c9448678c0ba5c7e57687ecd84e51ab67ac251f8a0",
    "https://esm.sh/jose@6.2.9/denonext/jwe/flattened/encrypt.mjs": "6d06c1a2a3d1fc142366548b000e57695cf055e6b186853547b3e1a736e2f8bc",
    "https://esm.sh/jose@6.2.9/denonext/jwe/general/decrypt.mjs": "a377fc4ebba0e68f4df86a68ec162908b5798188c06215871f349c77161b6418",
    "https://esm.sh/jose@6.2.9/denonext/jwe/general/encrypt.mjs": "3c93d605648dfd30cdcd0a702e8c6595d80ba4c7ae6cc66444624ca58229adfb",
    "https://esm.sh/jose@6.2.9/denonext/jwk/embedded.mjs": "ead22b661e1d482707f73366e4807daa2ae74f7fd5997b8fea3436072564f445",
    "https://esm.sh/jose@6.2.9/denonext/jwk/thumbprint.mjs": "f710dfb07a6b5c8c64641a37600107c4c8a8b5419634338479a1f7f2e9919629",
    "https://esm.sh/jose@6.2.9/denonext/jwks/local.mjs": "3512c5c3d4815d2816ec265cd28ca0ec71c75b590dbbde0feb6234631b0dc13b",
    "https://esm.sh/jose@6.2.9/denonext/jwks/remote.mjs": "0e61ac27b1a21e1eb36137f3c327203966ccc813362f365526b1a4721dc1252c",
    "https://esm.sh/jose@6.2.9/denonext/jws/compact/sign.mjs": "470a6cec88ce0075ed3134d5fdaf0c353f2bae34ff1908c3337435fe1f3c11cd",
    "https://esm.sh/jose@6.2.9/denonext/jws/compact/verify.mjs": "042576fc7a0b33dcb4d47aab9a44380146b858cdabd0b0ac0768a68694182aaf",
    "https://esm.sh/jose@6.2.9/denonext/jws/flattened/sign.mjs": "89a5a51a3cc21ad24a4bab3d8c1632cadcc4684e8ba3a23f38dead13c4a29b42",
    "https://esm.sh/jose@6.2.9/denonext/jws/flattened/verify.mjs": "72879a81b286bf558f0ef02a3fa6bc90010a20df936ab109e1e6fac1033c5408",
    "https://esm.sh/jose@6.2.9/denonext/jws/general/sign.mjs": "d8a0d8edea3e62e74c77d8f28c1e9223ecb20bd204da17bb6a2762ed537fc62a",
    "https://esm.sh/jose@6.2.9/denonext/jws/general/verify.mjs": "f1c06758bca526694c5f7600904bb28b0166abc0fa940f3899f8f69fe2487d3c",
    "https://esm.sh/jose@6.2.9/denonext/jwt/decode.mjs": "79c3ad9db7d6b284ad25127b4977e7db0f5650c21e8bf754f8e2211f5c611644",
    "https://esm.sh/jose@6.2.9/denonext/jwt/decrypt.mjs": "6cde14f2e6ccebd1eddd41741a024d6e3a5a8f73a39218560cde260a0ff7fa76",
    "https://esm.sh/jose@6.2.9/denonext/jwt/encrypt.mjs": "231a45856e38b3514e1d87b03d3c143750b50dfcd5d92014b7a80226e66586fb",
    "https://esm.sh/jose@6.2.9/denonext/jwt/sign.mjs": "225367c693f0ae9301107bf516b10dce12eacf6846b213890b096ef1a2c680a4",
    "https://esm.sh/jose@6.2.9/denonext/jwt/unsecured.mjs": "e3d3aaaf120c4c779e5a4007d240d2f5cd8d61da8cf4d3882a45e2d16501c08c",
    "https://esm.sh/jose@6.2.9/denonext/jwt/verify.mjs": "a8c958a665213e9e27d9f8dcf916967eba4ff525d1c5b40059d4f3224684bd56",
    "https://esm.sh/jose@6.2.9/denonext/key/export.mjs": "14112bbf1f4fd28860bbb00860db1ce9247153ba588a747b9ed79763068190e0",
    "https://esm.sh/jose@6.2.9/denonext/key/generate/keypair.mjs": "e2fdab68d5f3d9e6b71e077c8f311add5645c48ea248a2c56c6a9f77672dd47e",
    "https://esm.sh/jose@6.2.9/denonext/key/generate/secret.mjs": "51f4b61279fbe8faaa7af7f2a1208cd3bb902ecee02cb90c5976e9d984a31493",
    "https://esm.sh/jose@6.2.9/denonext/key/import.mjs": "1079ed0aceb54aeac45b398ed799717011905b1a68edf9ce92c9a90b96c00b28",
    "https://esm.sh/jose@6.2.9?target=denonext": "061bf052a97c9ce984181b66dec84f3f427a69be6aba848ca7938ae93d7b629e",
    "https://esm.sh/json-schema-traverse@1.0.0/denonext/json-schema-traverse.mjs": "4cd3fc9a056d4498d24e4862b19aa93f72f4f7785a00573b0c579576faa1783b",
    "https://esm.sh/json-schema-traverse@1.0.0?target=denonext": "3e60200c0d28b5e081db526a78c7911c094fd64c92484ebe050becb8f69788bb",
    "https://esm.sh/tslib@2.8.1/denonext/tslib.mjs": "c38da5dd6da6281964435002ce204cd586634fe3bdfb24a0ee116f48cf3292e9",
    "https://esm.sh/zod-to-json-schema@3.25.2/denonext/zod-to-json-schema.mjs": "657903cd13e311d357576392563bc56e7c780e6a8362e73559e70eb1e7c2ca70",
    "https://esm.sh/zod-to-json-schema@3.25.2?target=denonext": "c0d062b77cb951961c76ec2e6ee9c348505168a924ad432a87423b1bca9c53c8",
    "https://esm.sh/zod@4.4.3": "8b57814a30b65743a4e41e1e9e086909ceac3ce85825ba13b3139d9cd86313ad",
    "https://esm.sh/zod@4.4.3/denonext/v3.mjs": "a30fcbd86f1b8d75c3cebd0d2abd02366e761a8962d1cddddcc8c8315d60671a",
    "https://esm.sh/zod@4.4.3/denonext/v4-mini.mjs": "c3c4fdeb869536dcd10c304e221d0686cd9532e22d278b6757f541627349c6e5",
    "https://esm.sh/zod@4.4.3/denonext/v4.mjs": "a2dd39dce49a9373c3b379f4056994a75bc41ac05e1e32801992614ff95c23ab",
    "https://esm.sh/zod@4.4.3/denonext/v4/classic/checks.mjs": "f0b536ac4c7bbf984af1116c9a2e46a0ffd91b9d40b0ab4ee670a4b8b6c86e38",
    "https://esm.sh/zod@4.4.3/denonext/v4/classic/errors.mjs": "2439da4880bc9840df3ea1662e7a2f66be3aec8894ae1618d44df57a8c69de5e",
    "https://esm.sh/zod@4.4.3/denonext/v4/classic/external.mjs": "3f8cc804cd99584a4b70a68f34e3a1f9fec441afd2873db5ba225f5f45521f8e",
    "https://esm.sh/zod@4.4.3/denonext/v4/classic/iso.mjs": "745871605ff2c3eb63a08c6ee79ee1e13c460e5daf5728e4df796f3c992a630b",
    "https://esm.sh/zod@4.4.3/denonext/v4/classic/parse.mjs": "6b9e1d75a63261ecc4850b123e5169f1c86a0f529e702f479586a0724d049f01",
    "https://esm.sh/zod@4.4.3/denonext/v4/classic/schemas.mjs": "42bce51418a9280b4c85e0b88a1e5c145ef08b7c0798557184b205309c56fc94",
    "https://esm.sh/zod@4.4.3/denonext/v4/core.mjs": "53e82204b83ed57c157f26da596b951617ff1521ed5d4c87327efa99d50596cc",
    "https://esm.sh/zod@4.4.3/denonext/v4/core/core.mjs": "1f2f3d156bb15e651dd585b982cf1a23a8bc13f9e65dcf07d74e8532b9f4d137",
    "https://esm.sh/zod@4.4.3/denonext/v4/core/json-schema-processors.mjs": "fbbbf8151fdc5c780ecce5e36b2abc814bbdb61a66e331a345e4914fb643ab4d",
    "https://esm.sh/zod@4.4.3/denonext/v4/core/registries.mjs": "4880f066e51582b69fda971f78f2e13b928834ef21149f80981b04dfc3321661",
    "https://esm.sh/zod@4.4.3/denonext/v4/core/to-json-schema.mjs": "685eb18128076efb3705cb8bb710818519b127c77a9a5d786f38e1bcca13fb2e",
    "https://esm.sh/zod@4.4.3/denonext/v4/core/util.mjs": "3b5738868f9becae707ca2b233ac44a67c3df86d193bb5de4412451f438af410",
    "https://esm.sh/zod@4.4.3/denonext/v4/locales.mjs": "495190bd178b2165eca4df2b7d04a8f15a4fede105c90b3f0492f6d00184a8f3",
    "https://esm.sh/zod@4.4.3/denonext/v4/locales/en.mjs": "d2b8f154ef20abbad679c9f33898ead2519c536b9e2e840c183fcda8de08bccb",
    "https://esm.sh/zod@4.4.3/denonext/v4/mini/external.mjs": "9139773c539e26f801c9fa5827facaec8b673c6d1538fcdc3a2ad28fbec84bd9",
    "https://esm.sh/zod@4.4.3/denonext/v4/mini/parse.mjs": "6e34f2ecac6a1101b18dbb4e71ba2e99cd995ff81bcdee04bc3b462f13cb98ee",
    "https://esm.sh/zod@4.4.3/denonext/zod.mjs": "00707061a40606b5062ee8eaada685bc08bf6d2c17d3ac8b059192f83f87eb41",
    "https://esm.sh/zod@4.4.3/v3?target=denonext": "dd7269eb9e4c88423936914fe2011a9225ebaadd0512a96b788e2804634fe5ef",
    "https://esm.sh/zod@4.4.3/v4-mini?target=denonext": "76b7fb5edabb938b2370b87693fec54c4c5d05e742a85b168f67d38f0d9174da",
    "https://esm.sh/zod@4.4.3/v4?target=denonext": "da5aef8d32f2f234ff5830b97bf03697731836e0c7ae2c57ba0b5a5198786e24",
    "https://esm.sh/zod@4.4.3?target=denonext": "8b57814a30b65743a4e41e1e9e086909ceac3ce85825ba13b3139d9cd86313ad"
  }
}
